
Microsoft Visual Studio Solution File, Format Version 12.00
# Visual Studio 15
VisualStudioVersion = 15.0.28307.168
MinimumVisualStudioVersion = 10.0.40219.1
Project("{FAE04EC0-301F-11D3-BF4B-00C04F79EFBC}") = "Users-roles.WebUI", "Users-roles.WebUI\Users-roles.WebUI.csproj", "{C93BB11C-48C6-4B9D-A5EF-6EBC4C96B3D7}"
EndProject
Project("{2150E333-8FDC-42A3-9474-1A3956D46DE8}") = "Core", "Core", "{5DFA452A-B3BE-4FA5-A4DF-C1A1DEA22FAF}"
EndProject
Project("{2150E333-8FDC-42A3-9474-1A3956D46DE8}") = "Presentation", "Presentation", "{A3C9C734-ED58-4585-B8F1-76A567CD38FF}"
EndProject
Project("{2150E333-8FDC-42A3-9474-1A3956D46DE8}") = "Infrastructure", "Infrastructure", "{868A5194-282A-4740-8052-C006616BE187}"
EndProject
Project("{FAE04EC0-301F-11D3-BF4B-00C04F79EFBC}") = "Users-roles.Application", "Users-roles.Application\Users-roles.Application.csproj", "{D897B0CC-EA1A-4958-B3D0-1F98621A579A}"
EndProject
Project("{FAE04EC0-301F-11D3-BF4B-00C04F79EFBC}") = "Users-roles.Domain", "Users-roles.Domain\Users-roles.Domain.csproj", "{7FBD3B12-C04A-4C0E-8A00-40144053008A}"
EndProject
Project("{FAE04EC0-301F-11D3-BF4B-00C04F79EFBC}") = "Users-roles.Persistence", "Users-roles.Persistence\Users-roles.Persistence.csproj", "{280015CA-833F-4800-833B-57403578E909}"
EndProject
Global
	GlobalSection(SolutionConfigurationPlatforms) = preSolution
		Debug|Any CPU = Debug|Any CPU
		Release|Any CPU = Release|Any CPU
	EndGlobalSection
	GlobalSection(ProjectConfigurationPlatforms) = postSolution
		{C93BB11C-48C6-4B9D-A5EF-6EBC4C96B3D7}.Debug|Any CPU.ActiveCfg = Debug|Any CPU
		{C93BB11C-48C6-4B9D-A5EF-6EBC4C96B3D7}.Debug|Any CPU.Build.0 = Debug|Any CPU
		{C93BB11C-48C6-4B9D-A5EF-6EBC4C96B3D7}.Release|Any CPU.ActiveCfg = Release|Any CPU
		{C93BB11C-48C6-4B9D-A5EF-6EBC4C96B3D7}.Release|Any CPU.Build.0 = Release|Any CPU
		{D897B0CC-EA1A-4958-B3D0-1F98621A579A}.Debug|Any CPU.ActiveCfg = Debug|Any CPU
		{D897B0CC-EA1A-4958-B3D0-1F98621A579A}.Debug|Any CPU.Build.0 = Debug|Any CPU
		{D897B0CC-EA1A-4958-B3D0-1F98621A579A}.Release|Any CPU.ActiveCfg = Release|Any CPU
		{D897B0CC-EA1A-4958-B3D0-1F98621A579A}.Release|Any CPU.Build.0 = Release|Any CPU
		{7FBD3B12-C04A-4C0E-8A00-40144053008A}.Debug|Any CPU.ActiveCfg = Debug|Any CPU
		{7FBD3B12-C04A-4C0E-8A00-40144053008A}.Debug|Any CPU.Build.0 = Debug|Any CPU
		{7FBD3B12-C04A-4C0E-8A00-40144053008A}.Release|Any CPU.ActiveCfg = Release|Any CPU
		{7FBD3B12-C04A-4C0E-8A00-40144053008A}.Release|Any CPU.Build.0 = Release|Any CPU
		{280015CA-833F-4800-833B-57403578E909}.Debug|Any CPU.ActiveCfg = Debug|Any CPU
		{280015CA-833F-4800-833B-57403578E909}.Debug|Any CPU.Build.0 = Debug|Any CPU
		{280015CA-833F-4800-833B-57403578E909}.Release|Any CPU.ActiveCfg = Release|Any CPU
		{280015CA-833F-4800-833B-57403578E909}.Release|Any CPU.Build.0 = Release|Any CPU
	EndGlobalSection
	GlobalSection(SolutionProperties) = preSolution
		HideSolutionNode = FALSE
	EndGlobalSection
	GlobalSection(NestedProjects) = preSolution
		{C93BB11C-48C6-4B9D-A5EF-6EBC4C96B3D7} = {A3C9C734-ED58-4585-B8F1-76A567CD38FF}
		{D897B0CC-EA1A-4958-B3D0-1F98621A579A} = {5DFA452A-B3BE-4FA5-A4DF-C1A1DEA22FAF}
		{7FBD3B12-C04A-4C0E-8A00-40144053008A} = {5DFA452A-B3BE-4FA5-A4DF-C1A1DEA22FAF}
		{280015CA-833F-4800-833B-57403578E909} = {868A5194-282A-4740-8052-C006616BE187}
	EndGlobalSection
	GlobalSection(ExtensibilityGlobals) = postSolution
		SolutionGuid = {23A8CE95-0B2B-4043-BD6B-B454E7F7087A}
	EndGlobalSection
EndGlobal
